
Microsoft Visual Studio Solution File, Format Version 12.00
# Visual Studio Version 17
VisualStudioVersion = 17.4.33213.308
MinimumVisualStudioVersion = 10.0.40219.1
Project("{FAE04EC0-301F-11D3-BF4B-00C04F79EFBC}") = "StudentApi", "StudentApi\StudentApi.csproj", "{86C9A72D-6260-4D89-A3EC-35FF9A6076EF}"
EndProject
Global
	GlobalSection(SolutionConfigurationPlatforms) = preSolution
		Debug|Any CPU = Debug|Any CPU
		Release|Any CPU = Release|Any CPU
	EndGlobalSection
	GlobalSection(ProjectConfigurationPlatforms) = postSolution
		{86C9A72D-6260-4D89-A3EC-35FF9A6076EF}.Debug|Any CPU.ActiveCfg = Debug|Any CPU
		{86C9A72D-6260-4D89-A3EC-35FF9A6076EF}.Debug|Any CPU.Build.0 = Debug|Any CPU
		{86C9A72D-6260-4D89-A3EC-35FF9A6076EF}.Release|Any CPU.ActiveCfg = Release|Any CPU
		{86C9A72D-6260-4D89-A3EC-35FF9A6076EF}.Release|Any CPU.Build.0 = Release|Any CPU
	EndGlobalSection
	GlobalSection(SolutionProperties) = preSolution
		HideSolutionNode = FALSE
	EndGlobalSection
	GlobalSection(ExtensibilityGlobals) = postSolution
		SolutionGuid = {02B30D1B-F1F9-46A5-9526-AEAB3630CA0C}
	EndGlobalSection
EndGlobal
